
Microsoft Visual Studio Solution File, Format Version 12.00
# Visual Studio Version 17
VisualStudioVersion = 17.5.33502.453
MinimumVisualStudioVersion = 10.0.40219.1
Project("{FAE04EC0-301F-11D3-BF4B-00C04F79EFBC}") = "Bruhhh", "Bruhhh\Bruhhh.csproj", "{C5F7367D-8165-4159-9065-2F8096342BAE}"
EndProject
Global
	GlobalSection(SolutionConfigurationPlatforms) = preSolution
		Debug|Any CPU = Debug|Any CPU
		Release|Any CPU = Release|Any CPU
	EndGlobalSection
	GlobalSection(ProjectConfigurationPlatforms) = postSolution
		{C5F7367D-8165-4159-9065-2F8096342BAE}.Debug|Any CPU.ActiveCfg = Debug|Any CPU
		{C5F7367D-8165-4159-9065-2F8096342BAE}.Debug|Any CPU.Build.0 = Debug|Any CPU
		{C5F7367D-8165-4159-9065-2F8096342BAE}.Release|Any CPU.ActiveCfg = Release|Any CPU
		{C5F7367D-8165-4159-9065-2F8096342BAE}.Release|Any CPU.Build.0 = Release|Any CPU
	EndGlobalSection
	GlobalSection(SolutionProperties) = preSolution
		HideSolutionNode = FALSE
	EndGlobalSection
	GlobalSection(ExtensibilityGlobals) = postSolution
		SolutionGuid = {EF6CD151-81A6-468C-B5C8-2E186538FA83}
	EndGlobalSection
EndGlobal
